
Microsoft Visual Studio Solution File, Format Version 12.00
# Visual Studio Version 17
VisualStudioVersion = 17.11.35303.130
MinimumVisualStudioVersion = 10.0.40219.1
Project("{8BC9CEB8-8B4A-11D0-8D11-00A0C91BC942}") = "OS04_01", "Lab2\Lab2.vcxproj", "{4141ADF7-90D2-4C04-B926-B166D064E8E3}"
EndProject
Project("{8BC9CEB8-8B4A-11D0-8D11-00A0C91BC942}") = "OS04_02", "OS04_02\OS04_02.vcxproj", "{984572ED-75F8-4655-BBBF-D0878DC17BF3}"
EndProject
Project("{8BC9CEB8-8B4A-11D0-8D11-00A0C91BC942}") = "OS04_03", "OS04_03\OS04_03.vcxproj", "{DD614B73-26DF-4476-BA6C-BA8189DDD6BD}"
EndProject
Project("{FAE04EC0-301F-11D3-BF4B-00C04F79EFBC}") = "OS04_04", "OS04_04\OS04_04.csproj", "{ADA833C9-CDCE-4F7C-BAF8-F055396D9987}"
EndProject
Project("{FAE04EC0-301F-11D3-BF4B-00C04F79EFBC}") = "OS04_05", "OS04_05\OS04_05.csproj", "{A9912AF4-8B8F-4B74-8C08-03AA2851B4E6}"
EndProject
Project("{FAE04EC0-301F-11D3-BF4B-00C04F79EFBC}") = "OS04_06", "OS04_06\OS04_06.csproj", "{EF871E7C-C19B-42A9-87D0-5D77C90A43B6}"
EndProject
Project("{FAE04EC0-301F-11D3-BF4B-00C04F79EFBC}") = "OS04_07", "OS04_07\OS04_07.csproj", "{564BC2BE-7D4D-4491-A876-7A17CB560E31}"
EndProject
Project("{FAE04EC0-301F-11D3-BF4B-00C04F79EFBC}") = "OS04_08", "OS04_08\OS04_08.csproj", "{21183EF2-1734-4108-BB0A-502D915EFFCB}"
EndProject
Project("{FAE04EC0-301F-11D3-BF4B-00C04F79EFBC}") = "OS04_09", "OS04_09\OS04_09.csproj", "{5CF419EC-A61E-4F18-904D-7BD6624C7E61}"
EndProject
Project("{FAE04EC0-301F-11D3-BF4B-00C04F79EFBC}") = "OS04_10", "OS04_10\OS04_10.csproj", "{DC640D72-9D1E-46E6-8F96-F2E9472AA76D}"
EndProject
Global
	GlobalSection(SolutionConfigurationPlatforms) = preSolution
		Debug|Any CPU = Debug|Any CPU
		Debug|x64 = Debug|x64
		Debug|x86 = Debug|x86
		Release|Any CPU = Release|Any CPU
		Release|x64 = Release|x64
		Release|x86 = Release|x86
	EndGlobalSection
	GlobalSection(ProjectConfigurationPlatforms) = postSolution
		{4141ADF7-90D2-4C04-B926-B166D064E8E3}.Debug|Any CPU.ActiveCfg = Debug|x64
		{4141ADF7-90D2-4C04-B926-B166D064E8E3}.Debug|Any CPU.Build.0 = Debug|x64
		{4141ADF7-90D2-4C04-B926-B166D064E8E3}.Debug|x64.ActiveCfg = Debug|x64
		{4141ADF7-90D2-4C04-B926-B166D064E8E3}.Debug|x64.Build.0 = Debug|x64
		{4141ADF7-90D2-4C04-B926-B166D064E8E3}.Debug|x86.ActiveCfg = Debug|Win32
		{4141ADF7-90D2-4C04-B926-B166D064E8E3}.Debug|x86.Build.0 = Debug|Win32
		{4141ADF7-90D2-4C04-B926-B166D064E8E3}.Release|Any CPU.ActiveCfg = Release|x64
		{4141ADF7-90D2-4C04-B926-B166D064E8E3}.Release|Any CPU.Build.0 = Release|x64
		{4141ADF7-90D2-4C04-B926-B166D064E8E3}.Release|x64.ActiveCfg = Release|x64
		{4141ADF7-90D2-4C04-B926-B166D064E8E3}.Release|x64.Build.0 = Release|x64
		{4141ADF7-90D2-4C04-B926-B166D064E8E3}.Release|x86.ActiveCfg = Release|Win32
		{4141ADF7-90D2-4C04-B926-B166D064E8E3}.Release|x86.Build.0 = Release|Win32
		{984572ED-75F8-4655-BBBF-D0878DC17BF3}.Debug|Any CPU.ActiveCfg = Debug|x64
		{984572ED-75F8-4655-BBBF-D0878DC17BF3}.Debug|Any CPU.Build.0 = Debug|x64
		{984572ED-75F8-4655-BBBF-D0878DC17BF3}.Debug|x64.ActiveCfg = Debug|x64
		{984572ED-75F8-4655-BBBF-D0878DC17BF3}.Debug|x64.Build.0 = Debug|x64
		{984572ED-75F8-4655-BBBF-D0878DC17BF3}.Debug|x86.ActiveCfg = Debug|Win32
		{984572ED-75F8-4655-BBBF-D0878DC17BF3}.Debug|x86.Build.0 = Debug|Win32
		{984572ED-75F8-4655-BBBF-D0878DC17BF3}.Release|Any CPU.ActiveCfg = Release|x64
		{984572ED-75F8-4655-BBBF-D0878DC17BF3}.Release|Any CPU.Build.0 = Release|x64
		{984572ED-75F8-4655-BBBF-D0878DC17BF3}.Release|x64.ActiveCfg = Release|x64
		{984572ED-75F8-4655-BBBF-D0878DC17BF3}.Release|x64.Build.0 = Release|x64
		{984572ED-75F8-4655-BBBF-D0878DC17BF3}.Release|x86.ActiveCfg = Release|Win32
		{984572ED-75F8-4655-BBBF-D0878DC17BF3}.Release|x86.Build.0 = Release|Win32
		{DD614B73-26DF-4476-BA6C-BA8189DDD6BD}.Debug|Any CPU.ActiveCfg = Debug|x64
		{DD614B73-26DF-4476-BA6C-BA8189DDD6BD}.Debug|Any CPU.Build.0 = Debug|x64
		{DD614B73-26DF-4476-BA6C-BA8189DDD6BD}.Debug|x64.ActiveCfg = Debug|x64
		{DD614B73-26DF-4476-BA6C-BA8189DDD6BD}.Debug|x64.Build.0 = Debug|x64
		{DD614B73-26DF-4476-BA6C-BA8189DDD6BD}.Debug|x86.ActiveCfg = Debug|Win32
		{DD614B73-26DF-4476-BA6C-BA8189DDD6BD}.Debug|x86.Build.0 = Debug|Win32
		{DD614B73-26DF-4476-BA6C-BA8189DDD6BD}.Release|Any CPU.ActiveCfg = Release|x64
		{DD614B73-26DF-4476-BA6C-BA8189DDD6BD}.Release|Any CPU.Build.0 = Release|x64
		{DD614B73-26DF-4476-BA6C-BA8189DDD6BD}.Release|x64.ActiveCfg = Release|x64
		{DD614B73-26DF-4476-BA6C-BA8189DDD6BD}.Release|x64.Build.0 = Release|x64
		{DD614B73-26DF-4476-BA6C-BA8189DDD6BD}.Release|x86.ActiveCfg = Release|Win32
		{DD614B73-26DF-4476-BA6C-BA8189DDD6BD}.Release|x86.Build.0 = Release|Win32
		{ADA833C9-CDCE-4F7C-BAF8-F055396D9987}.Debug|Any CPU.ActiveCfg = Debug|Any CPU
		{ADA833C9-CDCE-4F7C-BAF8-F055396D9987}.Debug|Any CPU.Build.0 = Debug|Any CPU
		{ADA833C9-CDCE-4F7C-BAF8-F055396D9987}.Debug|x64.ActiveCfg = Debug|Any CPU
		{ADA833C9-CDCE-4F7C-BAF8-F055396D9987}.Debug|x64.Build.0 = Debug|Any CPU
		{ADA833C9-CDCE-4F7C-BAF8-F055396D9987}.Debug|x86.ActiveCfg = Debug|Any CPU
		{ADA833C9-CDCE-4F7C-BAF8-F055396D9987}.Debug|x86.Build.0 = Debug|Any CPU
		{ADA833C9-CDCE-4F7C-BAF8-F055396D9987}.Release|Any CPU.ActiveCfg = Release|Any CPU
		{ADA833C9-CDCE-4F7C-BAF8-F055396D9987}.Release|Any CPU.Build.0 = Release|Any CPU
		{ADA833C9-CDCE-4F7C-BAF8-F055396D9987}.Release|x64.ActiveCfg = Release|Any CPU
		{ADA833C9-CDCE-4F7C-BAF8-F055396D9987}.Release|x64.Build.0 = Release|Any CPU
		{ADA833C9-CDCE-4F7C-BAF8-F055396D9987}.Release|x86.ActiveCfg = Release|Any CPU
		{ADA833C9-CDCE-4F7C-BAF8-F055396D9987}.Release|x86.Build.0 = Release|Any CPU
		{A9912AF4-8B8F-4B74-8C08-03AA2851B4E6}.Debug|Any CPU.ActiveCfg = Debug|Any CPU
		{A9912AF4-8B8F-4B74-8C08-03AA2851B4E6}.Debug|Any CPU.Build.0 = Debug|Any CPU
		{A9912AF4-8B8F-4B74-8C08-03AA2851B4E6}.Debug|x64.ActiveCfg = Debug|Any CPU
		{A9912AF4-8B8F-4B74-8C08-03AA2851B4E6}.Debug|x64.Build.0 = Debug|Any CPU
		{A9912AF4-8B8F-4B74-8C08-03AA2851B4E6}.Debug|x86.ActiveCfg = Debug|Any CPU
		{A9912AF4-8B8F-4B74-8C08-03AA2851B4E6}.Debug|x86.Build.0 = Debug|Any CPU
		{A9912AF4-8B8F-4B74-8C08-03AA2851B4E6}.Release|Any CPU.ActiveCfg = Release|Any CPU
		{A9912AF4-8B8F-4B74-8C08-03AA2851B4E6}.Release|Any CPU.Build.0 = Release|Any CPU
		{A9912AF4-8B8F-4B74-8C08-03AA2851B4E6}.Release|x64.ActiveCfg = Release|Any CPU
		{A9912AF4-8B8F-4B74-8C08-03AA2851B4E6}.Release|x64.Build.0 = Release|Any CPU
		{A9912AF4-8B8F-4B74-8C08-03AA2851B4E6}.Release|x86.ActiveCfg = Release|Any CPU
		{A9912AF4-8B8F-4B74-8C08-03AA2851B4E6}.Release|x86.Build.0 = Release|Any CPU
		{EF871E7C-C19B-42A9-87D0-5D77C90A43B6}.Debug|Any CPU.ActiveCfg = Debug|Any CPU
		{EF871E7C-C19B-42A9-87D0-5D77C90A43B6}.Debug|Any CPU.Build.0 = Debug|Any CPU
		{EF871E7C-C19B-42A9-87D0-5D77C90A43B6}.Debug|x64.ActiveCfg = Debug|Any CPU
		{EF871E7C-C19B-42A9-87D0-5D77C90A43B6}.Debug|x64.Build.0 = Debug|Any CPU
		{EF871E7C-C19B-42A9-87D0-5D77C90A43B6}.Debug|x86.ActiveCfg = Debug|Any CPU
		{EF871E7C-C19B-42A9-87D0-5D77C90A43B6}.Debug|x86.Build.0 = Debug|Any CPU
		{EF871E7C-C19B-42A9-87D0-5D77C90A43B6}.Release|Any CPU.ActiveCfg = Release|Any CPU
		{EF871E7C-C19B-42A9-87D0-5D77C90A43B6}.Release|Any CPU.Build.0 = Release|Any CPU
		{EF871E7C-C19B-42A9-87D0-5D77C90A43B6}.Release|x64.ActiveCfg = Release|Any CPU
		{EF871E7C-C19B-42A9-87D0-5D77C90A43B6}.Release|x64.Build.0 = Release|Any CPU
		{EF871E7C-C19B-42A9-87D0-5D77C90A43B6}.Release|x86.ActiveCfg = Release|Any CPU
		{EF871E7C-C19B-42A9-87D0-5D77C90A43B6}.Release|x86.Build.0 = Release|Any CPU
		{564BC2BE-7D4D-4491-A876-7A17CB560E31}.Debug|Any CPU.ActiveCfg = Debug|Any CPU
		{564BC2BE-7D4D-4491-A876-7A17CB560E31}.Debug|Any CPU.Build.0 = Debug|Any CPU
		{564BC2BE-7D4D-4491-A876-7A17CB560E31}.Debug|x64.ActiveCfg = Debug|Any CPU
		{564BC2BE-7D4D-4491-A876-7A17CB560E31}.Debug|x64.Build.0 = Debug|Any CPU
		{564BC2BE-7D4D-4491-A876-7A17CB560E31}.Debug|x86.ActiveCfg = Debug|Any CPU
		{564BC2BE-7D4D-4491-A876-7A17CB560E31}.Debug|x86.Build.0 = Debug|Any CPU
		{564BC2BE-7D4D-4491-A876-7A17CB560E31}.Release|Any CPU.ActiveCfg = Release|Any CPU
		{564BC2BE-7D4D-4491-A876-7A17CB560E31}.Release|Any CPU.Build.0 = Release|Any CPU
		{564BC2BE-7D4D-4491-A876-7A17CB560E31}.Release|x64.ActiveCfg = Release|Any CPU
		{564BC2BE-7D4D-4491-A876-7A17CB560E31}.Release|x64.Build.0 = Release|Any CPU
		{564BC2BE-7D4D-4491-A876-7A17CB560E31}.Release|x86.ActiveCfg = Release|Any CPU
		{564BC2BE-7D4D-4491-A876-7A17CB560E31}.Release|x86.Build.0 = Release|Any CPU
		{21183EF2-1734-4108-BB0A-502D915EFFCB}.Debug|Any CPU.ActiveCfg = Debug|Any CPU
		{21183EF2-1734-4108-BB0A-502D915EFFCB}.Debug|Any CPU.Build.0 = Debug|Any CPU
		{21183EF2-1734-4108-BB0A-502D915EFFCB}.Debug|x64.ActiveCfg = Debug|Any CPU
		{21183EF2-1734-4108-BB0A-502D915EFFCB}.Debug|x64.Build.0 = Debug|Any CPU
		{21183EF2-1734-4108-BB0A-502D915EFFCB}.Debug|x86.ActiveCfg = Debug|Any CPU
		{21183EF2-1734-4108-BB0A-502D915EFFCB}.Debug|x86.Build.0 = Debug|Any CPU
		{21183EF2-1734-4108-BB0A-502D915EFFCB}.Release|Any CPU.ActiveCfg = Release|Any CPU
		{21183EF2-1734-4108-BB0A-502D915EFFCB}.Release|Any CPU.Build.0 = Release|Any CPU
		{21183EF2-1734-4108-BB0A-502D915EFFCB}.Release|x64.ActiveCfg = Release|Any CPU
		{21183EF2-1734-4108-BB0A-502D915EFFCB}.Release|x64.Build.0 = Release|Any CPU
		{21183EF2-1734-4108-BB0A-502D915EFFCB}.Release|x86.ActiveCfg = Release|Any CPU
		{21183EF2-1734-4108-BB0A-502D915EFFCB}.Release|x86.Build.0 = Release|Any CPU
		{5CF419EC-A61E-4F18-904D-7BD6624C7E61}.Debug|Any CPU.ActiveCfg = Debug|Any CPU
		{5CF419EC-A61E-4F18-904D-7BD6624C7E61}.Debug|Any CPU.Build.0 = Debug|Any CPU
		{5CF419EC-A61E-4F18-904D-7BD6624C7E61}.Debug|x64.ActiveCfg = Debug|Any CPU
		{5CF419EC-A61E-4F18-904D-7BD6624C7E61}.Debug|x64.Build.0 = Debug|Any CPU
		{5CF419EC-A61E-4F18-904D-7BD6624C7E61}.Debug|x86.ActiveCfg = Debug|Any CPU
		{5CF419EC-A61E-4F18-904D-7BD6624C7E61}.Debug|x86.Build.0 = Debug|Any CPU
		{5CF419EC-A61E-4F18-904D-7BD6624C7E61}.Release|Any CPU.ActiveCfg = Release|Any CPU
		{5CF419EC-A61E-4F18-904D-7BD6624C7E61}.Release|Any CPU.Build.0 = Release|Any CPU
		{5CF419EC-A61E-4F18-904D-7BD6624C7E61}.Release|x64.ActiveCfg = Release|Any CPU
		{5CF419EC-A61E-4F18-904D-7BD6624C7E61}.Release|x64.Build.0 = Release|Any CPU
		{5CF419EC-A61E-4F18-904D-7BD6624C7E61}.Release|x86.ActiveCfg = Release|Any CPU
		{5CF419EC-A61E-4F18-904D-7BD6624C7E61}.Release|x86.Build.0 = Release|Any CPU
		{DC640D72-9D1E-46E6-8F96-F2E9472AA76D}.Debug|Any CPU.ActiveCfg = Debug|Any CPU
		{DC640D72-9D1E-46E6-8F96-F2E9472AA76D}.Debug|Any CPU.Build.0 = Debug|Any CPU
		{DC640D72-9D1E-46E6-8F96-F2E9472AA76D}.Debug|x64.ActiveCfg = Debug|Any CPU
		{DC640D72-9D1E-46E6-8F96-F2E9472AA76D}.Debug|x64.Build.0 = Debug|Any CPU
		{DC640D72-9D1E-46E6-8F96-F2E9472AA76D}.Debug|x86.ActiveCfg = Debug|Any CPU
		{DC640D72-9D1E-46E6-8F96-F2E9472AA76D}.Debug|x86.Build.0 = Debug|Any CPU
		{DC640D72-9D1E-46E6-8F96-F2E9472AA76D}.Release|Any CPU.ActiveCfg = Release|Any CPU
		{DC640D72-9D1E-46E6-8F96-F2E9472AA76D}.Release|Any CPU.Build.0 = Release|Any CPU
		{DC640D72-9D1E-46E6-8F96-F2E9472AA76D}.Release|x64.ActiveCfg = Release|Any CPU
		{DC640D72-9D1E-46E6-8F96-F2E9472AA76D}.Release|x64.Build.0 = Release|Any CPU
		{DC640D72-9D1E-46E6-8F96-F2E9472AA76D}.Release|x86.ActiveCfg = Release|Any CPU
		{DC640D72-9D1E-46E6-8F96-F2E9472AA76D}.Release|x86.Build.0 = Release|Any CPU
	EndGlobalSection
	GlobalSection(SolutionProperties) = preSolution
		HideSolutionNode = FALSE
	EndGlobalSection
	GlobalSection(ExtensibilityGlobals) = postSolution
		SolutionGuid = {01669987-B9FE-4391-809A-4D8E03B833B6}
	EndGlobalSection
EndGlobal
